
Microsoft Visual Studio Solution File, Format Version 11.00
# Visual Studio 2010
Project("{FAE04EC0-301F-11D3-BF4B-00C04F79EFBC}") = "Test", "Test.csproj", "{3012E6A6-9355-4F6E-BB8A-5E5160CB3CEA}"
EndProject
Global
	GlobalSection(SolutionConfigurationPlatforms) = preSolution
		Debug|Any CPU = Debug|Any CPU
		Release|Any CPU = Release|Any CPU
	EndGlobalSection
	GlobalSection(ProjectConfigurationPlatforms) = postSolution
		{3012E6A6-9355-4F6E-BB8A-5E5160CB3CEA}.Debug|Any CPU.ActiveCfg = Debug|Any CPU
		{3012E6A6-9355-4F6E-BB8A-5E5160CB3CEA}.Debug|Any CPU.Build.0 = Debug|Any CPU
		{3012E6A6-9355-4F6E-BB8A-5E5160CB3CEA}.Release|Any CPU.ActiveCfg = Release|Any CPU
		{3012E6A6-9355-4F6E-BB8A-5E5160CB3CEA}.Release|Any CPU.Build.0 = Release|Any CPU
	EndGlobalSection
	GlobalSection(SolutionProperties) = preSolution
		HideSolutionNode = FALSE
	EndGlobalSection
EndGlobal
